
Microsoft Visual Studio Solution File, Format Version 12.00
# Visual Studio 15
VisualStudioVersion = 15.0.27130.2010
MinimumVisualStudioVersion = 10.0.40219.1
Project("{9A19103F-16F7-4668-BE54-9A1E7A4F7556}") = "NancyAzureADB2C", "NancyAzureADB2C\NancyAzureADB2C.csproj", "{DC786E68-ABE9-4BD7-BC70-7D899B1871F5}"
EndProject
Global
	GlobalSection(SolutionConfigurationPlatforms) = preSolution
		Debug|Any CPU = Debug|Any CPU
		Release|Any CPU = Release|Any CPU
	EndGlobalSection
	GlobalSection(ProjectConfigurationPlatforms) = postSolution
		{DC786E68-ABE9-4BD7-BC70-7D899B1871F5}.Debug|Any CPU.ActiveCfg = Debug|Any CPU
		{DC786E68-ABE9-4BD7-BC70-7D899B1871F5}.Debug|Any CPU.Build.0 = Debug|Any CPU
		{DC786E68-ABE9-4BD7-BC70-7D899B1871F5}.Release|Any CPU.ActiveCfg = Release|Any CPU
		{DC786E68-ABE9-4BD7-BC70-7D899B1871F5}.Release|Any CPU.Build.0 = Release|Any CPU
	EndGlobalSection
	GlobalSection(SolutionProperties) = preSolution
		HideSolutionNode = FALSE
	EndGlobalSection
	GlobalSection(ExtensibilityGlobals) = postSolution
		SolutionGuid = {7EE71333-CC36-4CDF-B613-0F5B78F9D43A}
	EndGlobalSection
EndGlobal
